
Microsoft Visual Studio Solution File, Format Version 12.00
# Visual Studio 15
VisualStudioVersion = 15.0.26228.9
MinimumVisualStudioVersion = 10.0.40219.1
Project("{FAE04EC0-301F-11D3-BF4B-00C04F79EFBC}") = "ModuleThreeApp", "ModuleThreeApp\ModuleThreeApp.csproj", "{BA134165-A047-47A8-B5D8-3AE0FDF6CE0E}"
EndProject
Project("{FAE04EC0-301F-11D3-BF4B-00C04F79EFBC}") = "LibraryApp", "LibraryApp\LibraryApp.csproj", "{ACF8FE7F-04E6-4A47-BFB4-A2EC18EF4CEC}"
EndProject
Global
	GlobalSection(SolutionConfigurationPlatforms) = preSolution
		Debug|Any CPU = Debug|Any CPU
		Release|Any CPU = Release|Any CPU
	EndGlobalSection
	GlobalSection(ProjectConfigurationPlatforms) = postSolution
		{BA134165-A047-47A8-B5D8-3AE0FDF6CE0E}.Debug|Any CPU.ActiveCfg = Debug|Any CPU
		{BA134165-A047-47A8-B5D8-3AE0FDF6CE0E}.Debug|Any CPU.Build.0 = Debug|Any CPU
		{BA134165-A047-47A8-B5D8-3AE0FDF6CE0E}.Release|Any CPU.ActiveCfg = Release|Any CPU
		{BA134165-A047-47A8-B5D8-3AE0FDF6CE0E}.Release|Any CPU.Build.0 = Release|Any CPU
		{ACF8FE7F-04E6-4A47-BFB4-A2EC18EF4CEC}.Debug|Any CPU.ActiveCfg = Debug|Any CPU
		{ACF8FE7F-04E6-4A47-BFB4-A2EC18EF4CEC}.Debug|Any CPU.Build.0 = Debug|Any CPU
		{ACF8FE7F-04E6-4A47-BFB4-A2EC18EF4CEC}.Release|Any CPU.ActiveCfg = Release|Any CPU
		{ACF8FE7F-04E6-4A47-BFB4-A2EC18EF4CEC}.Release|Any CPU.Build.0 = Release|Any CPU
	EndGlobalSection
	GlobalSection(SolutionProperties) = preSolution
		HideSolutionNode = FALSE
	EndGlobalSection
EndGlobal
